
Microsoft Visual Studio Solution File, Format Version 12.00
# Visual Studio Version 16
VisualStudioVersion = 16.0.29905.134
MinimumVisualStudioVersion = 10.0.40219.1
Project("{FAE04EC0-301F-11D3-BF4B-00C04F79EFBC}") = "VirtualCamera", "VirtualCamera\VirtualCamera.csproj", "{A31F4435-3C21-40AE-92B9-68F5B1DA7861}"
EndProject
Global
	GlobalSection(SolutionConfigurationPlatforms) = preSolution
		Debug|Any CPU = Debug|Any CPU
		Release|Any CPU = Release|Any CPU
	EndGlobalSection
	GlobalSection(ProjectConfigurationPlatforms) = postSolution
		{A31F4435-3C21-40AE-92B9-68F5B1DA7861}.Debug|Any CPU.ActiveCfg = Debug|Any CPU
		{A31F4435-3C21-40AE-92B9-68F5B1DA7861}.Debug|Any CPU.Build.0 = Debug|Any CPU
		{A31F4435-3C21-40AE-92B9-68F5B1DA7861}.Release|Any CPU.ActiveCfg = Release|Any CPU
		{A31F4435-3C21-40AE-92B9-68F5B1DA7861}.Release|Any CPU.Build.0 = Release|Any CPU
	EndGlobalSection
	GlobalSection(SolutionProperties) = preSolution
		HideSolutionNode = FALSE
	EndGlobalSection
	GlobalSection(ExtensibilityGlobals) = postSolution
		SolutionGuid = {14B3F925-8757-4227-8BE4-60E1DF42320A}
	EndGlobalSection
EndGlobal
